{
  "nodes": {
    "nixpkgs": {
      "locked": {
        "lastModified": 1729788628,
        "narHash": "sha256-3suayUinicnvE/4shMZwp9FHT5izUM8gMpdEO/NHBTo=",
        "owner": "nixos",
        "repo": "nixpkgs",
        "rev": "63487b2f26fa065cfeeaa47dddb08e2856ba53e8",
        "type": "github"
      },
      "original": {
        "owner": "nixos",
        "ref": "nixpkgs-unstable",
        "repo": "nixpkgs",
        "type": "github"
      }
    },
    "root": {
      "inputs": {
        "nixpkgs": "nixpkgs"
      }
    }
  },
  "root": "root",
  "version": 7
}
